
Microsoft Visual Studio Solution File, Format Version 12.00
# Visual Studio 2013
VisualStudioVersion = 12.0.40629.0
MinimumVisualStudioVersion = 10.0.40219.1
Project("{FAE04EC0-301F-11D3-BF4B-00C04F79EFBC}") = "jQuery WEUI", "jQuery WEUI\jQuery WEUI.csproj", "{DF4485BE-BBF2-4579-8087-855EBC16BEED}"
EndProject
Project("{FAE04EC0-301F-11D3-BF4B-00C04F79EFBC}") = "jQuery WEUI.Tests", "jQuery WEUI.Tests\jQuery WEUI.Tests.csproj", "{C3334F3D-BC87-4CEA-9C48-67B8BBE972FA}"
EndProject
Global
	GlobalSection(SolutionConfigurationPlatforms) = preSolution
		Debug|Any CPU = Debug|Any CPU
		Release|Any CPU = Release|Any CPU
	EndGlobalSection
	GlobalSection(ProjectConfigurationPlatforms) = postSolution
		{DF4485BE-BBF2-4579-8087-855EBC16BEED}.Debug|Any CPU.ActiveCfg = Debug|Any CPU
		{DF4485BE-BBF2-4579-8087-855EBC16BEED}.Debug|Any CPU.Build.0 = Debug|Any CPU
		{DF4485BE-BBF2-4579-8087-855EBC16BEED}.Release|Any CPU.ActiveCfg = Release|Any CPU
		{DF4485BE-BBF2-4579-8087-855EBC16BEED}.Release|Any CPU.Build.0 = Release|Any CPU
		{C3334F3D-BC87-4CEA-9C48-67B8BBE972FA}.Debug|Any CPU.ActiveCfg = Debug|Any CPU
		{C3334F3D-BC87-4CEA-9C48-67B8BBE972FA}.Debug|Any CPU.Build.0 = Debug|Any CPU
		{C3334F3D-BC87-4CEA-9C48-67B8BBE972FA}.Release|Any CPU.ActiveCfg = Release|Any CPU
		{C3334F3D-BC87-4CEA-9C48-67B8BBE972FA}.Release|Any CPU.Build.0 = Release|Any CPU
	EndGlobalSection
	GlobalSection(SolutionProperties) = preSolution
		HideSolutionNode = FALSE
	EndGlobalSection
EndGlobal
